
Microsoft Visual Studio Solution File, Format Version 12.00
# Visual Studio Version 17
VisualStudioVersion = 17.1.32319.34
MinimumVisualStudioVersion = 10.0.40219.1
Project("{FAE04EC0-301F-11D3-BF4B-00C04F79EFBC}") = "InheritanceTask", "InheritanceTask\InheritanceTask.csproj", "{C9378222-9967-4D8A-9F36-8ED5825B0393}"
EndProject
Global
	GlobalSection(SolutionConfigurationPlatforms) = preSolution
		Debug|Any CPU = Debug|Any CPU
		Release|Any CPU = Release|Any CPU
	EndGlobalSection
	GlobalSection(ProjectConfigurationPlatforms) = postSolution
		{C9378222-9967-4D8A-9F36-8ED5825B0393}.Debug|Any CPU.ActiveCfg = Debug|Any CPU
		{C9378222-9967-4D8A-9F36-8ED5825B0393}.Debug|Any CPU.Build.0 = Debug|Any CPU
		{C9378222-9967-4D8A-9F36-8ED5825B0393}.Release|Any CPU.ActiveCfg = Release|Any CPU
		{C9378222-9967-4D8A-9F36-8ED5825B0393}.Release|Any CPU.Build.0 = Release|Any CPU
	EndGlobalSection
	GlobalSection(SolutionProperties) = preSolution
		HideSolutionNode = FALSE
	EndGlobalSection
	GlobalSection(ExtensibilityGlobals) = postSolution
		SolutionGuid = {BA82F3D5-43E1-4098-BD91-DE7CF45F85FA}
	EndGlobalSection
EndGlobal
